<?xml version="1.0" encoding="utf-8"?>
<Project ToolsVersion="4.0" xmlns="http://schemas.microsoft.com/developer/msbuild/2003">
  <ItemGroup>
    <Filter Include="Source Files">
      <UniqueIdentifier>{4FC737F1-C7A5-4376-A066-2A32D752A2FF}</UniqueIdentifier>
      <Extensions>cpp;c;cc;cxx;def;odl;idl;hpj;bat;asm;asmx</Extensions>
    </Filter>
    <Filter Include="Header Files">
      <UniqueIdentifier>{93995380-89BD-4b04-88EB-625FBE52EBFB}</UniqueIdentifier>
      <Extensions>h;hh;hpp;hxx;hm;inl;inc;ipp;xsd</Extensions>
    </Filter>
    <Filter Include="Resource Files">
      <UniqueIdentifier>{67DA6AB6-F800-4c08-8B7A-83BB121AAD01}</UniqueIdentifier>
      <Extensions>rc;ico;cur;bmp;dlg;rc2;rct;bin;rgs;gif;jpg;jpeg;jpe;resx;tiff;tif;png;wav;mfcribbon-ms</Extensions>
    </Filter>
    <Filter Include="Source Files\Communication">
      <UniqueIdentifier>{c1bfe504-4800-4706-a834-0a7fb4b75265}</UniqueIdentifier>
    </Filter>
    <Filter Include="Header Files\Communication">
      <UniqueIdentifier>{71360427-cd5a-41fb-a015-4c4b8fc32dbf}</UniqueIdentifier>
    </Filter>
    <Filter Include="Source Files\Game">
      <UniqueIdentifier>{1a0f0748-e0e3-4979-a2a6-a602a5a482a8}</UniqueIdentifier>
    </Filter>
    <Filter Include="Source Files\Game\GameData">
      <UniqueIdentifier>{f03043fa-f190-48e5-b0ac-af511ab644b9}</UniqueIdentifier>
    </Filter>
    <Filter Include="Header Files\Game">
      <UniqueIdentifier>{59a9aa2b-f150-47ce-b7ce-235f4970239a}</UniqueIdentifier>
    </Filter>
    <Filter Include="Header Files\Game\GameData">
      <UniqueIdentifier>{7678d25b-8623-48a3-9fcf-553d6bd80fdb}</UniqueIdentifier>
    </Filter>
    <Filter Include="Header Files\GameConfigs">
      <UniqueIdentifier>{fbd647ab-454f-4e11-9907-41b69730b927}</UniqueIdentifier>
    </Filter>
    <Filter Include="Source Files\GameConfigs">
      <UniqueIdentifier>{f753a542-f26c-4bb9-9583-5f2038afa857}</UniqueIdentifier>
    </Filter>
    <Filter Include="Header Files\Communication\ClientClasses">
      <UniqueIdentifier>{c8fa73b5-5574-4e00-ad0a-85387470c89b}</UniqueIdentifier>
    </Filter>
    <Filter Include="Source Files\Communication\ClientClasses">
      <UniqueIdentifier>{08857997-a923-48da-9563-ad1d8c5a3f30}</UniqueIdentifier>
    </Filter>
  </ItemGroup>
  <ItemGroup>
    <ClCompile Include="Server.cpp">
      <Filter>Source Files</Filter>
    </ClCompile>
    <ClCompile Include="SharedMemoryManager.cpp">
      <Filter>Source Files\Game\GameData</Filter>
    </ClCompile>
    <ClCompile Include="ThreadManager.cpp">
      <Filter>Source Files\Game</Filter>
    </ClCompile>
    <ClCompile Include="ConfigHandler.cpp">
      <Filter>Source Files\GameConfigs</Filter>
    </ClCompile>
    <ClCompile Include="CommandConstants.cpp">
      <Filter>Source Files\GameConfigs</Filter>
    </ClCompile>
    <ClCompile Include="GameConfig.cpp">
      <Filter>Source Files\GameConfigs</Filter>
    </ClCompile>
    <ClCompile Include="Main.cpp">
      <Filter>Source Files</Filter>
    </ClCompile>
    <ClCompile Include="Top10Manager.cpp">
      <Filter>Source Files\Game</Filter>
    </ClCompile>
    <ClCompile Include="GameDataManager.cpp">
      <Filter>Source Files\Game\GameData</Filter>
    </ClCompile>
    <ClCompile Include="LocalClient.cpp">
      <Filter>Source Files\Communication\ClientClasses</Filter>
    </ClCompile>
    <ClCompile Include="RemoteClient.cpp">
      <Filter>Source Files\Communication\ClientClasses</Filter>
    </ClCompile>
    <ClCompile Include="ClientManager.cpp">
      <Filter>Source Files\Communication\ClientClasses</Filter>
    </ClCompile>
    <ClCompile Include="Client.cpp">
      <Filter>Source Files\Communication\ClientClasses</Filter>
    </ClCompile>
    <ClCompile Include="ServerInterface.cpp">
      <Filter>Source Files</Filter>
    </ClCompile>
    <ClCompile Include="GeneralConstants.cpp">
      <Filter>Source Files</Filter>
    </ClCompile>
  </ItemGroup>
  <ItemGroup>
    <ClInclude Include="Server.h">
      <Filter>Header Files</Filter>
    </ClInclude>
    <ClInclude Include="UnicodeConfigs.h">
      <Filter>Header Files</Filter>
    </ClInclude>
    <ClInclude Include="GameData.h">
      <Filter>Header Files\Game\GameData</Filter>
    </ClInclude>
    <ClInclude Include="SharedMemoryManager.h">
      <Filter>Header Files\Game\GameData</Filter>
    </ClInclude>
    <ClInclude Include="Messages.h">
      <Filter>Header Files\Communication</Filter>
    </ClInclude>
    <ClInclude Include="ThreadManager.h">
      <Filter>Header Files\Game</Filter>
    </ClInclude>
    <ClInclude Include="CommandConstants.h">
      <Filter>Header Files\GameConfigs</Filter>
    </ClInclude>
    <ClInclude Include="ConfigHandler.h">
      <Filter>Header Files\GameConfigs</Filter>
    </ClInclude>
    <ClInclude Include="GameConfig.h">
      <Filter>Header Files\GameConfigs</Filter>
    </ClInclude>
    <ClInclude Include="Top10Manager.h">
      <Filter>Header Files\Game</Filter>
    </ClInclude>
    <ClInclude Include="GameDataManager.h">
      <Filter>Header Files\Game\GameData</Filter>
    </ClInclude>
    <ClInclude Include="Client.h">
      <Filter>Header Files\Communication\ClientClasses</Filter>
    </ClInclude>
    <ClInclude Include="LocalClient.h">
      <Filter>Header Files\Communication\ClientClasses</Filter>
    </ClInclude>
    <ClInclude Include="RemoteClient.h">
      <Filter>Header Files\Communication\ClientClasses</Filter>
    </ClInclude>
    <ClInclude Include="ClientManager.h">
      <Filter>Header Files\Communication\ClientClasses</Filter>
    </ClInclude>
    <ClInclude Include="ServerInterface.h">
      <Filter>Header Files</Filter>
    </ClInclude>
    <ClInclude Include="GeneralConstants.h">
      <Filter>Header Files</Filter>
    </ClInclude>
  </ItemGroup>
</Project>